
Microsoft Visual Studio Solution File, Format Version 12.00
# Visual Studio 15
VisualStudioVersion = 15.0.28010.2019
MinimumVisualStudioVersion = 10.0.40219.1
Project("{FAE04EC0-301F-11D3-BF4B-00C04F79EFBC}") = "Expressions", "Expressions\Expressions.csproj", "{D84A3910-88B5-46D6-B7BB-4070F4316708}"
EndProject
Global
	GlobalSection(SolutionConfigurationPlatforms) = preSolution
		Debug|Any CPU = Debug|Any CPU
		Release|Any CPU = Release|Any CPU
	EndGlobalSection
	GlobalSection(ProjectConfigurationPlatforms) = postSolution
		{D84A3910-88B5-46D6-B7BB-4070F4316708}.Debug|Any CPU.ActiveCfg = Debug|Any CPU
		{D84A3910-88B5-46D6-B7BB-4070F4316708}.Debug|Any CPU.Build.0 = Debug|Any CPU
		{D84A3910-88B5-46D6-B7BB-4070F4316708}.Release|Any CPU.ActiveCfg = Release|Any CPU
		{D84A3910-88B5-46D6-B7BB-4070F4316708}.Release|Any CPU.Build.0 = Release|Any CPU
	EndGlobalSection
	GlobalSection(SolutionProperties) = preSolution
		HideSolutionNode = FALSE
	EndGlobalSection
	GlobalSection(ExtensibilityGlobals) = postSolution
		SolutionGuid = {CE71ACB4-8925-4A21-9BFE-C57B0EDE4ECE}
	EndGlobalSection
EndGlobal
